<?xml version="1.0" encoding="utf-8"?>
<Project ToolsVersion="4.0" xmlns="http://schemas.microsoft.com/developer/msbuild/2003">
  <ItemGroup>
    <Filter Include="Source Files">
      <UniqueIdentifier>{4FC737F1-C7A5-4376-A066-2A32D752A2FF}</UniqueIdentifier>
      <Extensions>cpp;c;cc;cxx;c++;cppm;ixx;def;odl;idl;hpj;bat;asm;asmx</Extensions>
    </Filter>
    <Filter Include="Builders">
      <UniqueIdentifier>{721779c7-4059-44da-9abb-d295ffad691e}</UniqueIdentifier>
    </Filter>
    <Filter Include="MathItems">
      <UniqueIdentifier>{58398a66-a223-4bb0-9bee-d1306a194df7}</UniqueIdentifier>
    </Filter>
    <Filter Include="Processors">
      <UniqueIdentifier>{df6ca353-891f-4817-8ebd-06c216cf2717}</UniqueIdentifier>
    </Filter>
  </ItemGroup>
  <ItemGroup>
    <ClCompile Include="MathBox\stdafx.cpp">
      <Filter>Source Files</Filter>
    </ClCompile>
    <ClCompile Include="LibCode\MathBoxLib.cpp">
      <Filter>Source Files</Filter>
    </ClCompile>
    <ClCompile Include="MathBox\AccentBuilder.cpp">
      <Filter>Builders</Filter>
    </ClCompile>
    <ClCompile Include="MathBox\ExtGlyphBuilder.cpp">
      <Filter>Builders</Filter>
    </ClCompile>
    <ClCompile Include="MathBox\FractionBuilder.cpp">
      <Filter>Builders</Filter>
    </ClCompile>
    <ClCompile Include="MathBox\HSpacingBuilder.cpp">
      <Filter>Builders</Filter>
    </ClCompile>
    <ClCompile Include="MathBox\IndexedBuilder.cpp">
      <Filter>Builders</Filter>
    </ClCompile>
    <ClCompile Include="MathBox\LOpBuilder.cpp">
      <Filter>Builders</Filter>
    </ClCompile>
    <ClCompile Include="MathBox\MathFontCmdBuilder.cpp">
      <Filter>Builders</Filter>
    </ClCompile>
    <ClCompile Include="MathBox\MathSymBuilder.cpp">
      <Filter>Builders</Filter>
    </ClCompile>
    <ClCompile Include="MathBox\OpenCloseBuilder.cpp">
      <Filter>Builders</Filter>
    </ClCompile>
    <ClCompile Include="MathBox\OverlayBuilder.cpp">
      <Filter>Builders</Filter>
    </ClCompile>
    <ClCompile Include="MathBox\RadicalBuilder.cpp">
      <Filter>Builders</Filter>
    </ClCompile>
    <ClCompile Include="MathBox\ScaleCmdBuilder.cpp">
      <Filter>Builders</Filter>
    </ClCompile>
    <ClCompile Include="MathBox\TextAccentBuilder.cpp">
      <Filter>Builders</Filter>
    </ClCompile>
    <ClCompile Include="MathBox\TextCmdBuilder.cpp">
      <Filter>Builders</Filter>
    </ClCompile>
    <ClCompile Include="MathBox\TextSymBuilder.cpp">
      <Filter>Builders</Filter>
    </ClCompile>
    <ClCompile Include="MathBox\UnderOverBuilder.cpp">
      <Filter>Builders</Filter>
    </ClCompile>
    <ClCompile Include="MathBox\VBoxBuilder.cpp">
      <Filter>Builders</Filter>
    </ClCompile>
    <ClCompile Include="MathBox\WordItemBuilder.cpp">
      <Filter>Builders</Filter>
    </ClCompile>
    <ClCompile Include="MathBox\XArrowBuilder.cpp">
      <Filter>Builders</Filter>
    </ClCompile>
    <ClCompile Include="MathBox\WordItem.cpp">
      <Filter>MathItems</Filter>
    </ClCompile>
    <ClCompile Include="MathBox\GlueItem.cpp">
      <Filter>MathItems</Filter>
    </ClCompile>
    <ClCompile Include="MathBox\HBoxItem.cpp">
      <Filter>MathItems</Filter>
    </ClCompile>
    <ClCompile Include="MathBox\TableItem.cpp">
      <Filter>MathItems</Filter>
    </ClCompile>
    <ClCompile Include="MathBox\RawItem.cpp">
      <Filter>MathItems</Filter>
    </ClCompile>
    <ClCompile Include="MathBox\EnvHelper.cpp">
      <Filter>Processors</Filter>
    </ClCompile>
    <ClCompile Include="MathBox\LMMFont.cpp">
      <Filter>Processors</Filter>
    </ClCompile>
    <ClCompile Include="MathBox\MathModeProcessor.cpp">
      <Filter>Processors</Filter>
    </ClCompile>
    <ClCompile Include="MathBox\ParserAdapter.cpp">
      <Filter>Processors</Filter>
    </ClCompile>
    <ClCompile Include="MathBox\TexParser.cpp">
      <Filter>Processors</Filter>
    </ClCompile>
    <ClCompile Include="MathBox\TextModeProcessor.cpp">
      <Filter>Processors</Filter>
    </ClCompile>
    <ClCompile Include="MathBox\Tokenizer.cpp">
      <Filter>Processors</Filter>
    </ClCompile>
    <ClCompile Include="MathBox\ShiftBuilder.cpp">
      <Filter>Builders</Filter>
    </ClCompile>
    <ClCompile Include="MathBox\MathClassBuilder.cpp">
      <Filter>Builders</Filter>
    </ClCompile>
    <ClCompile Include="MathBox\OverlayItem.cpp">
      <Filter>MathItems</Filter>
    </ClCompile>
    <ClCompile Include="MathBox\BoxCmdBuilder.cpp">
      <Filter>Builders</Filter>
    </ClCompile>
    <ClCompile Include="MathBox\MacroProcessor.cpp">
      <Filter>Processors</Filter>
    </ClCompile>
    <ClCompile Include="MathBox\DimensionParser.cpp">
      <Filter>Processors</Filter>
    </ClCompile>
    <ClCompile Include="MathBox\VarCmdBuilder.cpp">
      <Filter>Builders</Filter>
    </ClCompile>
    <ClCompile Include="MathBox\MathStyleBuilder.cpp">
      <Filter>Builders</Filter>
    </ClCompile>
  </ItemGroup>
  <ItemGroup>
    <ClInclude Include="MathBox\stdafx.h">
      <Filter>Source Files</Filter>
    </ClInclude>
    <ClInclude Include="MathBox\AGL.h">
      <Filter>Source Files</Filter>
    </ClInclude>
    <ClInclude Include="LibCode\MathBox_CAPI.h">
      <Filter>Source Files</Filter>
    </ClInclude>
    <ClInclude Include="MathBox\AccentBuilder.h">
      <Filter>Builders</Filter>
    </ClInclude>
    <ClInclude Include="MathBox\ExtGlyphBuilder.h">
      <Filter>Builders</Filter>
    </ClInclude>
    <ClInclude Include="MathBox\FractionBuilder.h">
      <Filter>Builders</Filter>
    </ClInclude>
    <ClInclude Include="MathBox\HSpacingBuilder.h">
      <Filter>Builders</Filter>
    </ClInclude>
    <ClInclude Include="MathBox\IndexedBuilder.h">
      <Filter>Builders</Filter>
    </ClInclude>
    <ClInclude Include="MathBox\LOpBuilder.h">
      <Filter>Builders</Filter>
    </ClInclude>
    <ClInclude Include="MathBox\MathFontCmdBuilder.h">
      <Filter>Builders</Filter>
    </ClInclude>
    <ClInclude Include="MathBox\MathSymBuilder.h">
      <Filter>Builders</Filter>
    </ClInclude>
    <ClInclude Include="MathBox\OpenCloseBuilder.h">
      <Filter>Builders</Filter>
    </ClInclude>
    <ClInclude Include="MathBox\OverlayBuilder.h">
      <Filter>Builders</Filter>
    </ClInclude>
    <ClInclude Include="MathBox\RadicalBuilder.h">
      <Filter>Builders</Filter>
    </ClInclude>
    <ClInclude Include="MathBox\ScaleCmdBuilder.h">
      <Filter>Builders</Filter>
    </ClInclude>
    <ClInclude Include="MathBox\TextAccentBuilder.h">
      <Filter>Builders</Filter>
    </ClInclude>
    <ClInclude Include="MathBox\TextCmdBuilder.h">
      <Filter>Builders</Filter>
    </ClInclude>
    <ClInclude Include="MathBox\TextSymBuilder.h">
      <Filter>Builders</Filter>
    </ClInclude>
    <ClInclude Include="MathBox\UnderOverBuilder.h">
      <Filter>Builders</Filter>
    </ClInclude>
    <ClInclude Include="MathBox\VBoxBuilder.h">
      <Filter>Builders</Filter>
    </ClInclude>
    <ClInclude Include="MathBox\WordItemBuilder.h">
      <Filter>Builders</Filter>
    </ClInclude>
    <ClInclude Include="MathBox\XArrowBuilder.h">
      <Filter>Builders</Filter>
    </ClInclude>
    <ClInclude Include="LibCode\DocParamWrap.h">
      <Filter>Source Files</Filter>
    </ClInclude>
    <ClInclude Include="MathBox\WordItem.h">
      <Filter>MathItems</Filter>
    </ClInclude>
    <ClInclude Include="MathBox\GlueItem.h">
      <Filter>MathItems</Filter>
    </ClInclude>
    <ClInclude Include="MathBox\HBoxItem.h">
      <Filter>MathItems</Filter>
    </ClInclude>
    <ClInclude Include="MathBox\OverlayItem.h">
      <Filter>MathItems</Filter>
    </ClInclude>
    <ClInclude Include="MathBox\ContainerItem.h">
      <Filter>MathItems</Filter>
    </ClInclude>
    <ClInclude Include="MathBox\TableItem.h">
      <Filter>MathItems</Filter>
    </ClInclude>
    <ClInclude Include="MathBox\RawItem.h">
      <Filter>MathItems</Filter>
    </ClInclude>
    <ClInclude Include="MathBox\RuleItem.h">
      <Filter>MathItems</Filter>
    </ClInclude>
    <ClInclude Include="MathBox\EnvHelper.h">
      <Filter>Processors</Filter>
    </ClInclude>
    <ClInclude Include="MathBox\FontStyleHelper.h">
      <Filter>Processors</Filter>
    </ClInclude>
    <ClInclude Include="MathBox\LMMConsts.h">
      <Filter>Processors</Filter>
    </ClInclude>
    <ClInclude Include="MathBox\LMMFont.h">
      <Filter>Processors</Filter>
    </ClInclude>
    <ClInclude Include="MathBox\MathItem.h">
      <Filter>Processors</Filter>
    </ClInclude>
    <ClInclude Include="MathBox\MathModeProcessor.h">
      <Filter>Processors</Filter>
    </ClInclude>
    <ClInclude Include="MathBox\ParserAdapter.h">
      <Filter>Processors</Filter>
    </ClInclude>
    <ClInclude Include="MathBox\TexParser.h">
      <Filter>Processors</Filter>
    </ClInclude>
    <ClInclude Include="MathBox\TextModeProcessor.h">
      <Filter>Processors</Filter>
    </ClInclude>
    <ClInclude Include="MathBox\Tokenizer.h">
      <Filter>Processors</Filter>
    </ClInclude>
    <ClInclude Include="MathBox\MacrosMgr.h">
      <Filter>Processors</Filter>
    </ClInclude>
    <ClInclude Include="MathBox\ShiftBuilder.h">
      <Filter>Builders</Filter>
    </ClInclude>
    <ClInclude Include="MathBox\MathClassBuilder.h">
      <Filter>Builders</Filter>
    </ClInclude>
    <ClInclude Include="MathBox\BoxCmdBuilder.h">
      <Filter>Builders</Filter>
    </ClInclude>
    <ClInclude Include="MathBox\MacroProcessor.h">
      <Filter>Processors</Filter>
    </ClInclude>
    <ClInclude Include="MathBox\DimensionParser.h">
      <Filter>Processors</Filter>
    </ClInclude>
    <ClInclude Include="MathBox\VarCmdBuilder.h">
      <Filter>Builders</Filter>
    </ClInclude>
    <ClInclude Include="MathBox\MathStyleBuilder.h">
      <Filter>Builders</Filter>
    </ClInclude>
    <ClInclude Include="resource.h">
      <Filter>Source Files</Filter>
    </ClInclude>
  </ItemGroup>
  <ItemGroup>
    <None Include="ReadMeLib.md" />
  </ItemGroup>
  <ItemGroup>
    <ResourceCompile Include="MathBoxLib.rc">
      <Filter>Source Files</Filter>
    </ResourceCompile>
  </ItemGroup>
</Project>