<?xml version="1.0" encoding="utf-8"?>
<Project ToolsVersion="4.0" xmlns="http://schemas.microsoft.com/developer/msbuild/2003">
  <ItemGroup>
    <Filter Include="MathBox">
      <UniqueIdentifier>{4FC737F1-C7A5-4376-A066-2A32D752A2FF}</UniqueIdentifier>
      <Extensions>cpp;c;cc;cxx;c++;cppm;ixx;def;odl;idl;hpj;bat;asm;asmx</Extensions>
    </Filter>
    <Filter Include="Code">
      <UniqueIdentifier>{b8b8bcca-1e94-4c78-b30a-58ef5684e415}</UniqueIdentifier>
    </Filter>
  </ItemGroup>
  <ItemGroup>
    <ClCompile Include="..\MathBoxLib\MathBox\GlueItem.cpp">
      <Filter>MathBox</Filter>
    </ClCompile>
    <ClCompile Include="..\MathBoxLib\MathBox\HBoxItem.cpp">
      <Filter>MathBox</Filter>
    </ClCompile>
    <ClCompile Include="..\MathBoxLib\MathBox\Tokenizer.cpp">
      <Filter>MathBox</Filter>
    </ClCompile>
    <ClCompile Include="..\MathBoxLib\MathBox\ParserAdapter.cpp">
      <Filter>MathBox</Filter>
    </ClCompile>
    <ClCompile Include="..\MathBoxLib\MathBox\TexParser.cpp">
      <Filter>MathBox</Filter>
    </ClCompile>
    <ClCompile Include="..\MathBoxLib\MathBox\IndexedBuilder.cpp">
      <Filter>MathBox</Filter>
    </ClCompile>
    <ClCompile Include="..\MathBoxLib\MathBox\VBoxBuilder.cpp">
      <Filter>MathBox</Filter>
    </ClCompile>
    <ClCompile Include="..\MathBoxLib\MathBox\WordItem.cpp">
      <Filter>MathBox</Filter>
    </ClCompile>
    <ClCompile Include="..\MathBoxLib\MathBox\WordItemBuilder.cpp">
      <Filter>MathBox</Filter>
    </ClCompile>
    <ClCompile Include="..\MathBoxLib\MathBox\OpenCloseBuilder.cpp">
      <Filter>MathBox</Filter>
    </ClCompile>
    <ClCompile Include="..\MathBoxLib\MathBox\ExtGlyphBuilder.cpp">
      <Filter>MathBox</Filter>
    </ClCompile>
    <ClCompile Include="..\MathBoxLib\MathBox\FractionBuilder.cpp">
      <Filter>MathBox</Filter>
    </ClCompile>
    <ClCompile Include="..\MathBoxLib\MathBox\RadicalBuilder.cpp">
      <Filter>MathBox</Filter>
    </ClCompile>
    <ClCompile Include="..\MathBoxLib\MathBox\AccentBuilder.cpp">
      <Filter>MathBox</Filter>
    </ClCompile>
    <ClCompile Include="..\MathBoxLib\MathBox\HSpacingBuilder.cpp">
      <Filter>MathBox</Filter>
    </ClCompile>
    <ClCompile Include="..\MathBoxLib\MathBox\LOpBuilder.cpp">
      <Filter>MathBox</Filter>
    </ClCompile>
    <ClCompile Include="..\MathBoxLib\MathBox\ScaleCmdBuilder.cpp">
      <Filter>MathBox</Filter>
    </ClCompile>
    <ClCompile Include="..\MathBoxLib\MathBox\UnderOverBuilder.cpp">
      <Filter>MathBox</Filter>
    </ClCompile>
    <ClCompile Include="..\MathBoxLib\MathBox\MathFontCmdBuilder.cpp">
      <Filter>MathBox</Filter>
    </ClCompile>
    <ClCompile Include="..\MathBoxLib\MathBox\MathSymBuilder.cpp">
      <Filter>MathBox</Filter>
    </ClCompile>
    <ClCompile Include="..\MathBoxLib\MathBox\RawItem.cpp">
      <Filter>MathBox</Filter>
    </ClCompile>
    <ClCompile Include="..\MathBoxLib\MathBox\MathModeProcessor.cpp">
      <Filter>MathBox</Filter>
    </ClCompile>
    <ClCompile Include="..\MathBoxLib\MathBox\TextModeProcessor.cpp">
      <Filter>MathBox</Filter>
    </ClCompile>
    <ClCompile Include="..\MathBoxLib\MathBox\TextCmdBuilder.cpp">
      <Filter>MathBox</Filter>
    </ClCompile>
    <ClCompile Include="..\MathBoxLib\MathBox\TextAccentBuilder.cpp">
      <Filter>MathBox</Filter>
    </ClCompile>
    <ClCompile Include="..\MathBoxLib\MathBox\TableItem.cpp">
      <Filter>MathBox</Filter>
    </ClCompile>
    <ClCompile Include="..\MathBoxLib\MathBox\EnvHelper.cpp">
      <Filter>MathBox</Filter>
    </ClCompile>
    <ClCompile Include="..\MathBoxLib\MathBox\TextSymBuilder.cpp">
      <Filter>MathBox</Filter>
    </ClCompile>
    <ClCompile Include="..\MathBoxLib\MathBox\LMMFont.cpp">
      <Filter>MathBox</Filter>
    </ClCompile>
    <ClCompile Include="..\MathBoxLib\MathBox\ShiftBuilder.cpp">
      <Filter>MathBox</Filter>
    </ClCompile>
    <ClCompile Include="..\MathBoxLib\MathBox\MathClassBuilder.cpp">
      <Filter>MathBox</Filter>
    </ClCompile>
    <ClCompile Include="..\MathBoxLib\MathBox\OverlayBuilder.cpp">
      <Filter>MathBox</Filter>
    </ClCompile>
    <ClCompile Include="..\MathBoxLib\MathBox\OverlayItem.cpp">
      <Filter>MathBox</Filter>
    </ClCompile>
    <ClCompile Include="..\MathBoxLib\MathBox\BoxCmdBuilder.cpp">
      <Filter>MathBox</Filter>
    </ClCompile>
    <ClCompile Include="..\MathBoxLib\MathBox\DimensionParser.cpp">
      <Filter>MathBox</Filter>
    </ClCompile>
    <ClCompile Include="..\MathBoxLib\MathBox\MacroProcessor.cpp">
      <Filter>MathBox</Filter>
    </ClCompile>
    <ClCompile Include="..\MathBoxLib\MathBox\VarCmdBuilder.cpp">
      <Filter>MathBox</Filter>
    </ClCompile>
    <ClCompile Include="..\MathBoxLib\MathBox\MathStyleBuilder.cpp">
      <Filter>MathBox</Filter>
    </ClCompile>
    <ClCompile Include="Code\D2DFontManager.cpp">
      <Filter>Code</Filter>
    </ClCompile>
    <ClCompile Include="Code\GlueFactoryTests.cpp">
      <Filter>Code</Filter>
    </ClCompile>
    <ClCompile Include="Code\GlueItemTests.cpp">
      <Filter>Code</Filter>
    </ClCompile>
    <ClCompile Include="Code\HBoxItemTests.cpp">
      <Filter>Code</Filter>
    </ClCompile>
    <ClCompile Include="Code\stdafx.cpp">
      <Filter>Code</Filter>
    </ClCompile>
    <ClCompile Include="Code\TexParserTests.cpp">
      <Filter>Code</Filter>
    </ClCompile>
    <ClCompile Include="Code\TokenizerTests.cpp">
      <Filter>Code</Filter>
    </ClCompile>
  </ItemGroup>
  <ItemGroup>
    <ClInclude Include="Code\D2DFontManager.h">
      <Filter>Code</Filter>
    </ClInclude>
    <ClInclude Include="Code\D2DGeomSink.h">
      <Filter>Code</Filter>
    </ClInclude>
    <ClInclude Include="Code\MockMathItem.h">
      <Filter>Code</Filter>
    </ClInclude>
    <ClInclude Include="Code\stdafx.h">
      <Filter>Code</Filter>
    </ClInclude>
  </ItemGroup>
  <ItemGroup>
    <None Include="ReadMeTests.md" />
  </ItemGroup>
</Project>